{
  "lockfileVersion": 1,
  "configVersion": 1,
  "workspaces": {
    "": {
      "name": "mirza-harness",
      "devDependencies": {
        "@types/bun": "^1.3.0",
        "typescript": "^5.6.0",
      },
    },
    "packages/cc-stub": {
      "name": "@mirza-harness/cc-stub",
      "version": "0.0.1",
    },
    "packages/hostd": {
      "name": "@mirza-harness/hostd",
      "version": "0.0.1",
      "dependencies": {
        "@mirza-harness/shared": "workspace:*",
        "zod": "^3.23.0",
      },
    },
    "packages/pty-holder": {
      "name": "@mirza-harness/pty-holder",
      "version": "0.0.1",
    },
    "packages/shared": {
      "name": "@mirza-harness/shared",
      "version": "0.0.1",
      "dependencies": {
        "zod": "^3.23.0",
      },
    },
    "packages/telegram-adapter": {
      "name": "@mirza-harness/telegram-adapter",
      "version": "0.0.1",
    },
  },
  "packages": {
    "@mirza-harness/cc-stub": ["@mirza-harness/cc-stub@workspace:packages/cc-stub"],

    "@mirza-harness/hostd": ["@mirza-harness/hostd@workspace:packages/hostd"],

    "@mirza-harness/pty-holder": ["@mirza-harness/pty-holder@workspace:packages/pty-holder"],

    "@mirza-harness/shared": ["@mirza-harness/shared@workspace:packages/shared"],

    "@mirza-harness/telegram-adapter": ["@mirza-harness/telegram-adapter@workspace:packages/telegram-adapter"],

    "@types/bun": ["@types/bun@1.3.14", "", { "dependencies": { "bun-types": "1.3.14" } }, "sha512-h1hFqFVcvAvD9j9K7ZW7vd82aSA+rTdznZa+5bwvCwqSB1jmmfLcbIWhOLx1/+boy/xmjgCs/OMUL8hRJSmnPw=="],

    "@types/node": ["@types/node@26.1.0", "", { "dependencies": { "undici-types": "~8.3.0" } }, "sha512-O0A1G3xPGy4w7AgQdAQYUlQ+BKk2Oovw8eRpofyp5KdBZULnbe+WqaOVNrm705SHphCiG4XHsACrSmPu1f+Kgw=="],

    "bun-types": ["bun-types@1.3.14", "", { "dependencies": { "@types/node": "*" } }, "sha512-4N0ig0fEomHt5R0KCFWjovxow98rIoRwKolrYdCcknNwMekCXRnWEUvgu5soYV8QXtVsrUD8B95MBOZGPvr6KQ=="],

    "typescript": ["typescript@5.9.3", "", { "bin": { "tsc": "bin/tsc", "tsserver": "bin/tsserver" } }, "sha512-jl1vZzPDinLr9eUt3J/t7V6FgNEw9QjvBPdysz9KfQDD41fQrC2Y4vKQdiaUpFT4bXlb1RHhLpp8wtm6M5TgSw=="],

    "undici-types": ["undici-types@8.3.0", "", {}, "sha512-j375ScV60dom+YkPFIfTLcOiPxkN/buHz5GobjLhixFuANaNs3C9l4GmrWqejgXWJ7BbJcFYpTEUkS1Ge8bpZQ=="],

    "zod": ["zod@3.25.76", "", {}, "sha512-gzUt/qt81nXsFGKIFcC3YnfEAx5NkunCfnDlvuBSSFS02bcXu4Lmea0AFIUwbLWxWPx3d9p8S5QoaujKcNQxcQ=="],
  }
}
